
Microsoft Visual Studio Solution File, Format Version 12.00
# Visual Studio Version 16
VisualStudioVersion = 16.0.30503.244
MinimumVisualStudioVersion = 10.0.40219.1
Project("{8BC9CEB8-8B4A-11D0-8D11-00A0C91BC942}") = "Taiko No Tatsujin v2", "Taiko No Tatsujin v2.vcxproj", "{40B8DCD6-3C36-4E3A-9398-19456779AED6}"
EndProject
Global
	GlobalSection(SolutionConfigurationPlatforms) = preSolution
		Debug|x64 = Debug|x64
		Debug|x86 = Debug|x86
		Release|x64 = Release|x64
		Release|x86 = Release|x86
	EndGlobalSection
	GlobalSection(ProjectConfigurationPlatforms) = postSolution
		{40B8DCD6-3C36-4E3A-9398-19456779AED6}.Debug|x64.ActiveCfg = Debug|x64
		{40B8DCD6-3C36-4E3A-9398-19456779AED6}.Debug|x64.Build.0 = Debug|x64
		{40B8DCD6-3C36-4E3A-9398-19456779AED6}.Debug|x86.ActiveCfg = Debug|Win32
		{40B8DCD6-3C36-4E3A-9398-19456779AED6}.Debug|x86.Build.0 = Debug|Win32
		{40B8DCD6-3C36-4E3A-9398-19456779AED6}.Release|x64.ActiveCfg = Release|x64
		{40B8DCD6-3C36-4E3A-9398-19456779AED6}.Release|x64.Build.0 = Release|x64
		{40B8DCD6-3C36-4E3A-9398-19456779AED6}.Release|x86.ActiveCfg = Release|Win32
		{40B8DCD6-3C36-4E3A-9398-19456779AED6}.Release|x86.Build.0 = Release|Win32
	EndGlobalSection
	GlobalSection(SolutionProperties) = preSolution
		HideSolutionNode = FALSE
	EndGlobalSection
	GlobalSection(ExtensibilityGlobals) = postSolution
		SolutionGuid = {B3D6DBB8-1CDD-401A-9F6F-F8AB0931E19A}
	EndGlobalSection
EndGlobal
